
Microsoft Visual Studio Solution File, Format Version 12.00
# Visual Studio 14
VisualStudioVersion = 14.0.22310.1
MinimumVisualStudioVersion = 10.0.40219.1
Project("{2150E333-8FDC-42A3-9474-1A3956D46DE8}") = "Engine", "Engine", "{C57A28F5-3AF1-4523-BE1B-64D3D00826AA}"
EndProject
Project("{2150E333-8FDC-42A3-9474-1A3956D46DE8}") = "Games", "Games", "{601EF6D4-3832-4726-BB48-390FD5453F94}"
EndProject
Project("{8BC9CEB8-8B4A-11D0-8D11-00A0C91BC942}") = "UE4", "Intermediate\ProjectFiles\UE4.vcxproj", "{CB4710C7-FC9A-4F11-9D0C-231C1CB5137B}"
EndProject
Project("{8BC9CEB8-8B4A-11D0-8D11-00A0C91BC942}") = "SpaceShooter", "Intermediate\ProjectFiles\SpaceShooter.vcxproj", "{54ED1C54-F9F7-459A-9F94-E92F7AE697A6}"
EndProject
Global
	GlobalSection(SolutionConfigurationPlatforms) = preSolution
		DebugGame Editor|HTML5 = DebugGame Editor|HTML5
		DebugGame Editor|Win32 = DebugGame Editor|Win32
		DebugGame Editor|Win64 = DebugGame Editor|Win64
		DebugGame|HTML5 = DebugGame|HTML5
		DebugGame|Win32 = DebugGame|Win32
		DebugGame|Win64 = DebugGame|Win64
		Development Editor|HTML5 = Development Editor|HTML5
		Development Editor|Win32 = Development Editor|Win32
		Development Editor|Win64 = Development Editor|Win64
		Development|HTML5 = Development|HTML5
		Development|Win32 = Development|Win32
		Development|Win64 = Development|Win64
		Shipping|HTML5 = Shipping|HTML5
		Shipping|Win32 = Shipping|Win32
		Shipping|Win64 = Shipping|Win64
	EndGlobalSection
	GlobalSection(ProjectConfigurationPlatforms) = postSolution
		{54ED1C54-F9F7-459A-9F94-E92F7AE697A6}.DebugGame Editor|HTML5.ActiveCfg = HTML5_DebugGame_Editor|Win32
		{54ED1C54-F9F7-459A-9F94-E92F7AE697A6}.DebugGame Editor|Win32.ActiveCfg = DebugGame_Editor|Win32
		{54ED1C54-F9F7-459A-9F94-E92F7AE697A6}.DebugGame Editor|Win64.ActiveCfg = DebugGame_Editor|x64
		{54ED1C54-F9F7-459A-9F94-E92F7AE697A6}.DebugGame Editor|Win64.Build.0 = DebugGame_Editor|x64
		{54ED1C54-F9F7-459A-9F94-E92F7AE697A6}.DebugGame|HTML5.ActiveCfg = HTML5_DebugGame_Game|Win32
		{54ED1C54-F9F7-459A-9F94-E92F7AE697A6}.DebugGame|HTML5.Build.0 = HTML5_DebugGame_Game|Win32
		{54ED1C54-F9F7-459A-9F94-E92F7AE697A6}.DebugGame|Win32.ActiveCfg = DebugGame_Game|Win32
		{54ED1C54-F9F7-459A-9F94-E92F7AE697A6}.DebugGame|Win32.Build.0 = DebugGame_Game|Win32
		{54ED1C54-F9F7-459A-9F94-E92F7AE697A6}.DebugGame|Win64.ActiveCfg = DebugGame_Game|x64
		{54ED1C54-F9F7-459A-9F94-E92F7AE697A6}.DebugGame|Win64.Build.0 = DebugGame_Game|x64
		{54ED1C54-F9F7-459A-9F94-E92F7AE697A6}.Development Editor|HTML5.ActiveCfg = HTML5_Development_Editor|Win32
		{54ED1C54-F9F7-459A-9F94-E92F7AE697A6}.Development Editor|Win32.ActiveCfg = Development_Editor|Win32
		{54ED1C54-F9F7-459A-9F94-E92F7AE697A6}.Development Editor|Win64.ActiveCfg = Development_Editor|x64
		{54ED1C54-F9F7-459A-9F94-E92F7AE697A6}.Development Editor|Win64.Build.0 = Development_Editor|x64
		{54ED1C54-F9F7-459A-9F94-E92F7AE697A6}.Development|HTML5.ActiveCfg = HTML5_Development_Game|Win32
		{54ED1C54-F9F7-459A-9F94-E92F7AE697A6}.Development|HTML5.Build.0 = HTML5_Development_Game|Win32
		{54ED1C54-F9F7-459A-9F94-E92F7AE697A6}.Development|Win32.ActiveCfg = Development_Game|Win32
		{54ED1C54-F9F7-459A-9F94-E92F7AE697A6}.Development|Win32.Build.0 = Development_Game|Win32
		{54ED1C54-F9F7-459A-9F94-E92F7AE697A6}.Development|Win64.ActiveCfg = Development_Game|x64
		{54ED1C54-F9F7-459A-9F94-E92F7AE697A6}.Development|Win64.Build.0 = Development_Game|x64
		{54ED1C54-F9F7-459A-9F94-E92F7AE697A6}.Shipping|HTML5.ActiveCfg = HTML5_Shipping_Game|Win32
		{54ED1C54-F9F7-459A-9F94-E92F7AE697A6}.Shipping|HTML5.Build.0 = HTML5_Shipping_Game|Win32
		{54ED1C54-F9F7-459A-9F94-E92F7AE697A6}.Shipping|Win32.ActiveCfg = Shipping_Game|Win32
		{54ED1C54-F9F7-459A-9F94-E92F7AE697A6}.Shipping|Win32.Build.0 = Shipping_Game|Win32
		{54ED1C54-F9F7-459A-9F94-E92F7AE697A6}.Shipping|Win64.ActiveCfg = Shipping_Game|x64
		{54ED1C54-F9F7-459A-9F94-E92F7AE697A6}.Shipping|Win64.Build.0 = Shipping_Game|x64
	EndGlobalSection
	GlobalSection(SolutionProperties) = preSolution
		HideSolutionNode = FALSE
	EndGlobalSection
	GlobalSection(NestedProjects) = preSolution
		{CB4710C7-FC9A-4F11-9D0C-231C1CB5137B} = {C57A28F5-3AF1-4523-BE1B-64D3D00826AA}
		{54ED1C54-F9F7-459A-9F94-E92F7AE697A6} = {601EF6D4-3832-4726-BB48-390FD5453F94}
	EndGlobalSection
EndGlobal
