
Microsoft Visual Studio Solution File, Format Version 12.00
# Visual Studio 14
VisualStudioVersion = 14.0.23107.0
MinimumVisualStudioVersion = 10.0.40219.1
Project("{2150E333-8FDC-42A3-9474-1A3956D46DE8}") = "Engine", "Engine", "{265ED5FF-EAA0-4AF1-A719-B8BB3F93D6A3}"
EndProject
Project("{2150E333-8FDC-42A3-9474-1A3956D46DE8}") = "Games", "Games", "{23417D91-7BCC-4605-8205-A752A51EBD85}"
EndProject
Project("{8BC9CEB8-8B4A-11D0-8D11-00A0C91BC942}") = "UE4", "Intermediate\ProjectFiles\UE4.vcxproj", "{84E96E04-2BAD-45E3-8A2E-337D0492BA26}"
EndProject
Project("{8BC9CEB8-8B4A-11D0-8D11-00A0C91BC942}") = "SpaceShooter", "Intermediate\ProjectFiles\SpaceShooter.vcxproj", "{05E60394-8AE1-478E-AAF5-5B0E53074511}"
EndProject
Global
	GlobalSection(SolutionConfigurationPlatforms) = preSolution
		DebugGame Editor|HTML5 = DebugGame Editor|HTML5
		DebugGame Editor|Win32 = DebugGame Editor|Win32
		DebugGame Editor|Win64 = DebugGame Editor|Win64
		DebugGame|HTML5 = DebugGame|HTML5
		DebugGame|Win32 = DebugGame|Win32
		DebugGame|Win64 = DebugGame|Win64
		Development Editor|HTML5 = Development Editor|HTML5
		Development Editor|Win32 = Development Editor|Win32
		Development Editor|Win64 = Development Editor|Win64
		Development|HTML5 = Development|HTML5
		Development|Win32 = Development|Win32
		Development|Win64 = Development|Win64
		Shipping|HTML5 = Shipping|HTML5
		Shipping|Win32 = Shipping|Win32
		Shipping|Win64 = Shipping|Win64
	EndGlobalSection
	GlobalSection(ProjectConfigurationPlatforms) = postSolution
		{84E96E04-2BAD-45E3-8A2E-337D0492BA26}.DebugGame Editor|HTML5.ActiveCfg = BuiltWithUnrealBuildTool|Win32
		{84E96E04-2BAD-45E3-8A2E-337D0492BA26}.DebugGame Editor|HTML5.Build.0 = BuiltWithUnrealBuildTool|Win32
		{84E96E04-2BAD-45E3-8A2E-337D0492BA26}.DebugGame Editor|Win32.ActiveCfg = BuiltWithUnrealBuildTool|Win32
		{84E96E04-2BAD-45E3-8A2E-337D0492BA26}.DebugGame Editor|Win32.Build.0 = BuiltWithUnrealBuildTool|Win32
		{84E96E04-2BAD-45E3-8A2E-337D0492BA26}.DebugGame Editor|Win64.ActiveCfg = BuiltWithUnrealBuildTool|Win32
		{84E96E04-2BAD-45E3-8A2E-337D0492BA26}.DebugGame Editor|Win64.Build.0 = BuiltWithUnrealBuildTool|Win32
		{84E96E04-2BAD-45E3-8A2E-337D0492BA26}.DebugGame|HTML5.ActiveCfg = BuiltWithUnrealBuildTool|Win32
		{84E96E04-2BAD-45E3-8A2E-337D0492BA26}.DebugGame|HTML5.Build.0 = BuiltWithUnrealBuildTool|Win32
		{84E96E04-2BAD-45E3-8A2E-337D0492BA26}.DebugGame|Win32.ActiveCfg = BuiltWithUnrealBuildTool|Win32
		{84E96E04-2BAD-45E3-8A2E-337D0492BA26}.DebugGame|Win32.Build.0 = BuiltWithUnrealBuildTool|Win32
		{84E96E04-2BAD-45E3-8A2E-337D0492BA26}.DebugGame|Win64.ActiveCfg = BuiltWithUnrealBuildTool|Win32
		{84E96E04-2BAD-45E3-8A2E-337D0492BA26}.DebugGame|Win64.Build.0 = BuiltWithUnrealBuildTool|Win32
		{84E96E04-2BAD-45E3-8A2E-337D0492BA26}.Development Editor|HTML5.ActiveCfg = BuiltWithUnrealBuildTool|Win32
		{84E96E04-2BAD-45E3-8A2E-337D0492BA26}.Development Editor|HTML5.Build.0 = BuiltWithUnrealBuildTool|Win32
		{84E96E04-2BAD-45E3-8A2E-337D0492BA26}.Development Editor|Win32.ActiveCfg = BuiltWithUnrealBuildTool|Win32
		{84E96E04-2BAD-45E3-8A2E-337D0492BA26}.Development Editor|Win32.Build.0 = BuiltWithUnrealBuildTool|Win32
		{84E96E04-2BAD-45E3-8A2E-337D0492BA26}.Development Editor|Win64.ActiveCfg = BuiltWithUnrealBuildTool|Win32
		{84E96E04-2BAD-45E3-8A2E-337D0492BA26}.Development Editor|Win64.Build.0 = BuiltWithUnrealBuildTool|Win32
		{84E96E04-2BAD-45E3-8A2E-337D0492BA26}.Development|HTML5.ActiveCfg = BuiltWithUnrealBuildTool|Win32
		{84E96E04-2BAD-45E3-8A2E-337D0492BA26}.Development|HTML5.Build.0 = BuiltWithUnrealBuildTool|Win32
		{84E96E04-2BAD-45E3-8A2E-337D0492BA26}.Development|Win32.ActiveCfg = BuiltWithUnrealBuildTool|Win32
		{84E96E04-2BAD-45E3-8A2E-337D0492BA26}.Development|Win32.Build.0 = BuiltWithUnrealBuildTool|Win32
		{84E96E04-2BAD-45E3-8A2E-337D0492BA26}.Development|Win64.ActiveCfg = BuiltWithUnrealBuildTool|Win32
		{84E96E04-2BAD-45E3-8A2E-337D0492BA26}.Development|Win64.Build.0 = BuiltWithUnrealBuildTool|Win32
		{84E96E04-2BAD-45E3-8A2E-337D0492BA26}.Shipping|HTML5.ActiveCfg = BuiltWithUnrealBuildTool|Win32
		{84E96E04-2BAD-45E3-8A2E-337D0492BA26}.Shipping|HTML5.Build.0 = BuiltWithUnrealBuildTool|Win32
		{84E96E04-2BAD-45E3-8A2E-337D0492BA26}.Shipping|Win32.ActiveCfg = BuiltWithUnrealBuildTool|Win32
		{84E96E04-2BAD-45E3-8A2E-337D0492BA26}.Shipping|Win32.Build.0 = BuiltWithUnrealBuildTool|Win32
		{84E96E04-2BAD-45E3-8A2E-337D0492BA26}.Shipping|Win64.ActiveCfg = BuiltWithUnrealBuildTool|Win32
		{84E96E04-2BAD-45E3-8A2E-337D0492BA26}.Shipping|Win64.Build.0 = BuiltWithUnrealBuildTool|Win32
		{05E60394-8AE1-478E-AAF5-5B0E53074511}.DebugGame Editor|HTML5.ActiveCfg = HTML5_DebugGame_Editor|Win32
		{05E60394-8AE1-478E-AAF5-5B0E53074511}.DebugGame Editor|Win32.ActiveCfg = DebugGame_Editor|Win32
		{05E60394-8AE1-478E-AAF5-5B0E53074511}.DebugGame Editor|Win64.ActiveCfg = DebugGame_Editor|x64
		{05E60394-8AE1-478E-AAF5-5B0E53074511}.DebugGame Editor|Win64.Build.0 = DebugGame_Editor|x64
		{05E60394-8AE1-478E-AAF5-5B0E53074511}.DebugGame|HTML5.ActiveCfg = HTML5_DebugGame_Game|Win32
		{05E60394-8AE1-478E-AAF5-5B0E53074511}.DebugGame|HTML5.Build.0 = HTML5_DebugGame_Game|Win32
		{05E60394-8AE1-478E-AAF5-5B0E53074511}.DebugGame|Win32.ActiveCfg = DebugGame_Game|Win32
		{05E60394-8AE1-478E-AAF5-5B0E53074511}.DebugGame|Win32.Build.0 = DebugGame_Game|Win32
		{05E60394-8AE1-478E-AAF5-5B0E53074511}.DebugGame|Win64.ActiveCfg = DebugGame_Game|x64
		{05E60394-8AE1-478E-AAF5-5B0E53074511}.DebugGame|Win64.Build.0 = DebugGame_Game|x64
		{05E60394-8AE1-478E-AAF5-5B0E53074511}.Development Editor|HTML5.ActiveCfg = HTML5_Development_Editor|Win32
		{05E60394-8AE1-478E-AAF5-5B0E53074511}.Development Editor|Win32.ActiveCfg = Development_Editor|Win32
		{05E60394-8AE1-478E-AAF5-5B0E53074511}.Development Editor|Win64.ActiveCfg = Development_Editor|x64
		{05E60394-8AE1-478E-AAF5-5B0E53074511}.Development Editor|Win64.Build.0 = Development_Editor|x64
		{05E60394-8AE1-478E-AAF5-5B0E53074511}.Development|HTML5.ActiveCfg = HTML5_Development_Game|Win32
		{05E60394-8AE1-478E-AAF5-5B0E53074511}.Development|HTML5.Build.0 = HTML5_Development_Game|Win32
		{05E60394-8AE1-478E-AAF5-5B0E53074511}.Development|Win32.ActiveCfg = Development_Game|Win32
		{05E60394-8AE1-478E-AAF5-5B0E53074511}.Development|Win32.Build.0 = Development_Game|Win32
		{05E60394-8AE1-478E-AAF5-5B0E53074511}.Development|Win64.ActiveCfg = Development_Game|x64
		{05E60394-8AE1-478E-AAF5-5B0E53074511}.Development|Win64.Build.0 = Development_Game|x64
		{05E60394-8AE1-478E-AAF5-5B0E53074511}.Shipping|HTML5.ActiveCfg = HTML5_Shipping_Game|Win32
		{05E60394-8AE1-478E-AAF5-5B0E53074511}.Shipping|HTML5.Build.0 = HTML5_Shipping_Game|Win32
		{05E60394-8AE1-478E-AAF5-5B0E53074511}.Shipping|Win32.ActiveCfg = Shipping_Game|Win32
		{05E60394-8AE1-478E-AAF5-5B0E53074511}.Shipping|Win32.Build.0 = Shipping_Game|Win32
		{05E60394-8AE1-478E-AAF5-5B0E53074511}.Shipping|Win64.ActiveCfg = Shipping_Game|x64
		{05E60394-8AE1-478E-AAF5-5B0E53074511}.Shipping|Win64.Build.0 = Shipping_Game|x64
	EndGlobalSection
	GlobalSection(SolutionProperties) = preSolution
		HideSolutionNode = FALSE
	EndGlobalSection
	GlobalSection(NestedProjects) = preSolution
		{84E96E04-2BAD-45E3-8A2E-337D0492BA26} = {265ED5FF-EAA0-4AF1-A719-B8BB3F93D6A3}
		{05E60394-8AE1-478E-AAF5-5B0E53074511} = {23417D91-7BCC-4605-8205-A752A51EBD85}
	EndGlobalSection
EndGlobal
